
Microsoft Visual Studio Solution File, Format Version 12.00
# Visual Studio Version 17
VisualStudioVersion = 17.3.32901.215
MinimumVisualStudioVersion = 10.0.40219.1
Project("{FAE04EC0-301F-11D3-BF4B-00C04F79EFBC}") = "ComboBoxKontrola", "ComboBoxKontrola\ComboBoxKontrola.csproj", "{2091233D-BE7E-4F40-A1D3-A9675146078A}"
EndProject
Global
	GlobalSection(SolutionConfigurationPlatforms) = preSolution
		Debug|Any CPU = Debug|Any CPU
		Release|Any CPU = Release|Any CPU
	EndGlobalSection
	GlobalSection(ProjectConfigurationPlatforms) = postSolution
		{2091233D-BE7E-4F40-A1D3-A9675146078A}.Debug|Any CPU.ActiveCfg = Debug|Any CPU
		{2091233D-BE7E-4F40-A1D3-A9675146078A}.Debug|Any CPU.Build.0 = Debug|Any CPU
		{2091233D-BE7E-4F40-A1D3-A9675146078A}.Release|Any CPU.ActiveCfg = Release|Any CPU
		{2091233D-BE7E-4F40-A1D3-A9675146078A}.Release|Any CPU.Build.0 = Release|Any CPU
	EndGlobalSection
	GlobalSection(SolutionProperties) = preSolution
		HideSolutionNode = FALSE
	EndGlobalSection
	GlobalSection(ExtensibilityGlobals) = postSolution
		SolutionGuid = {57367CCD-B4F6-462A-B523-9475BE619C8F}
	EndGlobalSection
EndGlobal
